
Microsoft Visual Studio Solution File, Format Version 12.00
# Visual Studio Version 16
VisualStudioVersion = 16.0.31205.134
MinimumVisualStudioVersion = 10.0.40219.1
Project("{FAE04EC0-301F-11D3-BF4B-00C04F79EFBC}") = "banditoth.Forms.RecurrenceToolkitSample.Android", "banditoth.Forms.RecurrenceToolkitSample.Android\banditoth.Forms.RecurrenceToolkitSample.Android.csproj", "{73A580E9-5DF5-4639-AA74-435000FDE100}"
EndProject
Project("{FAE04EC0-301F-11D3-BF4B-00C04F79EFBC}") = "banditoth.Forms.RecurrenceToolkitSample.iOS", "banditoth.Forms.RecurrenceToolkitSample.iOS\banditoth.Forms.RecurrenceToolkitSample.iOS.csproj", "{418445B0-8AA4-4134-B4F2-A0FF3744CBBF}"
EndProject
Project("{FAE04EC0-301F-11D3-BF4B-00C04F79EFBC}") = "banditoth.Forms.RecurrenceToolkitSample", "banditoth.Forms.RecurrenceToolkitSample\banditoth.Forms.RecurrenceToolkitSample.csproj", "{664893E8-EACA-49E8-916C-94D60F5F3CA4}"
EndProject
Project("{2150E333-8FDC-42A3-9474-1A3956D46DE8}") = "Toolkit", "Toolkit", "{151519DA-0FFD-4D35-856C-BB6D95C85D4F}"
EndProject
Project("{9A19103F-16F7-4668-BE54-9A1E7A4F7556}") = "banditoth.Forms.RecurrenceToolkit.Converters", "..\..\banditoth.Forms.RecurrenceToolkit\banditoth.Forms.RecurrenceToolkit.Converters\banditoth.Forms.RecurrenceToolkit.Converters.csproj", "{902E95D3-29FA-4DDC-B73A-B5BD112DA465}"
EndProject
Project("{9A19103F-16F7-4668-BE54-9A1E7A4F7556}") = "banditoth.Forms.RecurrenceToolkit.Multilanguage", "..\..\banditoth.Forms.RecurrenceToolkit\banditoth.Forms.RecurrenceToolkit.Multilanguage\banditoth.Forms.RecurrenceToolkit.Multilanguage.csproj", "{35743993-9FCE-41FA-9D1F-045C4CBF171D}"
EndProject
Project("{9A19103F-16F7-4668-BE54-9A1E7A4F7556}") = "banditoth.Forms.RecurrenceToolkit.MVVM", "..\..\banditoth.Forms.RecurrenceToolkit\banditoth.Forms.RecurrenceToolkit.MVVM\banditoth.Forms.RecurrenceToolkit.MVVM.csproj", "{6DA71DB2-E774-416E-A010-5827C7A04B7A}"
EndProject
Global
	GlobalSection(SolutionConfigurationPlatforms) = preSolution
		Debug|Any CPU = Debug|Any CPU
		Debug|iPhone = Debug|iPhone
		Debug|iPhoneSimulator = Debug|iPhoneSimulator
		Release|Any CPU = Release|Any CPU
		Release|iPhone = Release|iPhone
		Release|iPhoneSimulator = Release|iPhoneSimulator
	EndGlobalSection
	GlobalSection(ProjectConfigurationPlatforms) = postSolution
		{73A580E9-5DF5-4639-AA74-435000FDE100}.Debug|Any CPU.ActiveCfg = Debug|Any CPU
		{73A580E9-5DF5-4639-AA74-435000FDE100}.Debug|Any CPU.Build.0 = Debug|Any CPU
		{73A580E9-5DF5-4639-AA74-435000FDE100}.Debug|Any CPU.Deploy.0 = Debug|Any CPU
		{73A580E9-5DF5-4639-AA74-435000FDE100}.Debug|iPhone.ActiveCfg = Debug|Any CPU
		{73A580E9-5DF5-4639-AA74-435000FDE100}.Debug|iPhone.Build.0 = Debug|Any CPU
		{73A580E9-5DF5-4639-AA74-435000FDE100}.Debug|iPhone.Deploy.0 = Debug|Any CPU
		{73A580E9-5DF5-4639-AA74-435000FDE100}.Debug|iPhoneSimulator.ActiveCfg = Debug|Any CPU
		{73A580E9-5DF5-4639-AA74-435000FDE100}.Debug|iPhoneSimulator.Build.0 = Debug|Any CPU
		{73A580E9-5DF5-4639-AA74-435000FDE100}.Debug|iPhoneSimulator.Deploy.0 = Debug|Any CPU
		{73A580E9-5DF5-4639-AA74-435000FDE100}.Release|Any CPU.ActiveCfg = Release|Any CPU
		{73A580E9-5DF5-4639-AA74-435000FDE100}.Release|Any CPU.Build.0 = Release|Any CPU
		{73A580E9-5DF5-4639-AA74-435000FDE100}.Release|Any CPU.Deploy.0 = Release|Any CPU
		{73A580E9-5DF5-4639-AA74-435000FDE100}.Release|iPhone.ActiveCfg = Release|Any CPU
		{73A580E9-5DF5-4639-AA74-435000FDE100}.Release|iPhone.Build.0 = Release|Any CPU
		{73A580E9-5DF5-4639-AA74-435000FDE100}.Release|iPhone.Deploy.0 = Release|Any CPU
		{73A580E9-5DF5-4639-AA74-435000FDE100}.Release|iPhoneSimulator.ActiveCfg = Release|Any CPU
		{73A580E9-5DF5-4639-AA74-435000FDE100}.Release|iPhoneSimulator.Build.0 = Release|Any CPU
		{73A580E9-5DF5-4639-AA74-435000FDE100}.Release|iPhoneSimulator.Deploy.0 = Release|Any CPU
		{418445B0-8AA4-4134-B4F2-A0FF3744CBBF}.Debug|Any CPU.ActiveCfg = Debug|iPhone
		{418445B0-8AA4-4134-B4F2-A0FF3744CBBF}.Debug|Any CPU.Build.0 = Debug|iPhone
		{418445B0-8AA4-4134-B4F2-A0FF3744CBBF}.Debug|Any CPU.Deploy.0 = Debug|iPhone
		{418445B0-8AA4-4134-B4F2-A0FF3744CBBF}.Debug|iPhone.ActiveCfg = Debug|iPhone
		{418445B0-8AA4-4134-B4F2-A0FF3744CBBF}.Debug|iPhone.Build.0 = Debug|iPhone
		{418445B0-8AA4-4134-B4F2-A0FF3744CBBF}.Debug|iPhone.Deploy.0 = Debug|iPhone
		{418445B0-8AA4-4134-B4F2-A0FF3744CBBF}.Debug|iPhoneSimulator.ActiveCfg = Debug|iPhoneSimulator
		{418445B0-8AA4-4134-B4F2-A0FF3744CBBF}.Debug|iPhoneSimulator.Build.0 = Debug|iPhoneSimulator
		{418445B0-8AA4-4134-B4F2-A0FF3744CBBF}.Debug|iPhoneSimulator.Deploy.0 = Debug|iPhoneSimulator
		{418445B0-8AA4-4134-B4F2-A0FF3744CBBF}.Release|Any CPU.ActiveCfg = Release|iPhoneSimulator
		{418445B0-8AA4-4134-B4F2-A0FF3744CBBF}.Release|Any CPU.Build.0 = Release|iPhoneSimulator
		{418445B0-8AA4-4134-B4F2-A0FF3744CBBF}.Release|Any CPU.Deploy.0 = Release|iPhoneSimulator
		{418445B0-8AA4-4134-B4F2-A0FF3744CBBF}.Release|iPhone.ActiveCfg = Release|iPhone
		{418445B0-8AA4-4134-B4F2-A0FF3744CBBF}.Release|iPhone.Build.0 = Release|iPhone
		{418445B0-8AA4-4134-B4F2-A0FF3744CBBF}.Release|iPhone.Deploy.0 = Release|iPhone
		{418445B0-8AA4-4134-B4F2-A0FF3744CBBF}.Release|iPhoneSimulator.ActiveCfg = Release|iPhoneSimulator
		{418445B0-8AA4-4134-B4F2-A0FF3744CBBF}.Release|iPhoneSimulator.Build.0 = Release|iPhoneSimulator
		{418445B0-8AA4-4134-B4F2-A0FF3744CBBF}.Release|iPhoneSimulator.Deploy.0 = Release|iPhoneSimulator
		{664893E8-EACA-49E8-916C-94D60F5F3CA4}.Debug|Any CPU.ActiveCfg = Debug|Any CPU
		{664893E8-EACA-49E8-916C-94D60F5F3CA4}.Debug|Any CPU.Build.0 = Debug|Any CPU
		{664893E8-EACA-49E8-916C-94D60F5F3CA4}.Debug|Any CPU.Deploy.0 = Debug|Any CPU
		{664893E8-EACA-49E8-916C-94D60F5F3CA4}.Debug|iPhone.ActiveCfg = Debug|Any CPU
		{664893E8-EACA-49E8-916C-94D60F5F3CA4}.Debug|iPhone.Build.0 = Debug|Any CPU
		{664893E8-EACA-49E8-916C-94D60F5F3CA4}.Debug|iPhone.Deploy.0 = Debug|Any CPU
		{664893E8-EACA-49E8-916C-94D60F5F3CA4}.Debug|iPhoneSimulator.ActiveCfg = Debug|Any CPU
		{664893E8-EACA-49E8-916C-94D60F5F3CA4}.Debug|iPhoneSimulator.Build.0 = Debug|Any CPU
		{664893E8-EACA-49E8-916C-94D60F5F3CA4}.Debug|iPhoneSimulator.Deploy.0 = Debug|Any CPU
		{664893E8-EACA-49E8-916C-94D60F5F3CA4}.Release|Any CPU.ActiveCfg = Release|Any CPU
		{664893E8-EACA-49E8-916C-94D60F5F3CA4}.Release|Any CPU.Build.0 = Release|Any CPU
		{664893E8-EACA-49E8-916C-94D60F5F3CA4}.Release|Any CPU.Deploy.0 = Release|Any CPU
		{664893E8-EACA-49E8-916C-94D60F5F3CA4}.Release|iPhone.ActiveCfg = Release|Any CPU
		{664893E8-EACA-49E8-916C-94D60F5F3CA4}.Release|iPhone.Build.0 = Release|Any CPU
		{664893E8-EACA-49E8-916C-94D60F5F3CA4}.Release|iPhone.Deploy.0 = Release|Any CPU
		{664893E8-EACA-49E8-916C-94D60F5F3CA4}.Release|iPhoneSimulator.ActiveCfg = Release|Any CPU
		{664893E8-EACA-49E8-916C-94D60F5F3CA4}.Release|iPhoneSimulator.Build.0 = Release|Any CPU
		{664893E8-EACA-49E8-916C-94D60F5F3CA4}.Release|iPhoneSimulator.Deploy.0 = Release|Any CPU
		{902E95D3-29FA-4DDC-B73A-B5BD112DA465}.Debug|Any CPU.ActiveCfg = Debug|Any CPU
		{902E95D3-29FA-4DDC-B73A-B5BD112DA465}.Debug|Any CPU.Build.0 = Debug|Any CPU
		{902E95D3-29FA-4DDC-B73A-B5BD112DA465}.Debug|iPhone.ActiveCfg = Debug|Any CPU
		{902E95D3-29FA-4DDC-B73A-B5BD112DA465}.Debug|iPhone.Build.0 = Debug|Any CPU
		{902E95D3-29FA-4DDC-B73A-B5BD112DA465}.Debug|iPhoneSimulator.ActiveCfg = Debug|Any CPU
		{902E95D3-29FA-4DDC-B73A-B5BD112DA465}.Debug|iPhoneSimulator.Build.0 = Debug|Any CPU
		{902E95D3-29FA-4DDC-B73A-B5BD112DA465}.Release|Any CPU.ActiveCfg = Release|Any CPU
		{902E95D3-29FA-4DDC-B73A-B5BD112DA465}.Release|Any CPU.Build.0 = Release|Any CPU
		{902E95D3-29FA-4DDC-B73A-B5BD112DA465}.Release|iPhone.ActiveCfg = Release|Any CPU
		{902E95D3-29FA-4DDC-B73A-B5BD112DA465}.Release|iPhone.Build.0 = Release|Any CPU
		{902E95D3-29FA-4DDC-B73A-B5BD112DA465}.Release|iPhoneSimulator.ActiveCfg = Release|Any CPU
		{902E95D3-29FA-4DDC-B73A-B5BD112DA465}.Release|iPhoneSimulator.Build.0 = Release|Any CPU
		{35743993-9FCE-41FA-9D1F-045C4CBF171D}.Debug|Any CPU.ActiveCfg = Debug|Any CPU
		{35743993-9FCE-41FA-9D1F-045C4CBF171D}.Debug|Any CPU.Build.0 = Debug|Any CPU
		{35743993-9FCE-41FA-9D1F-045C4CBF171D}.Debug|iPhone.ActiveCfg = Debug|Any CPU
		{35743993-9FCE-41FA-9D1F-045C4CBF171D}.Debug|iPhone.Build.0 = Debug|Any CPU
		{35743993-9FCE-41FA-9D1F-045C4CBF171D}.Debug|iPhoneSimulator.ActiveCfg = Debug|Any CPU
		{35743993-9FCE-41FA-9D1F-045C4CBF171D}.Debug|iPhoneSimulator.Build.0 = Debug|Any CPU
		{35743993-9FCE-41FA-9D1F-045C4CBF171D}.Release|Any CPU.ActiveCfg = Release|Any CPU
		{35743993-9FCE-41FA-9D1F-045C4CBF171D}.Release|Any CPU.Build.0 = Release|Any CPU
		{35743993-9FCE-41FA-9D1F-045C4CBF171D}.Release|iPhone.ActiveCfg = Release|Any CPU
		{35743993-9FCE-41FA-9D1F-045C4CBF171D}.Release|iPhone.Build.0 = Release|Any CPU
		{35743993-9FCE-41FA-9D1F-045C4CBF171D}.Release|iPhoneSimulator.ActiveCfg = Release|Any CPU
		{35743993-9FCE-41FA-9D1F-045C4CBF171D}.Release|iPhoneSimulator.Build.0 = Release|Any CPU
		{6DA71DB2-E774-416E-A010-5827C7A04B7A}.Debug|Any CPU.ActiveCfg = Debug|Any CPU
		{6DA71DB2-E774-416E-A010-5827C7A04B7A}.Debug|Any CPU.Build.0 = Debug|Any CPU
		{6DA71DB2-E774-416E-A010-5827C7A04B7A}.Debug|iPhone.ActiveCfg = Debug|Any CPU
		{6DA71DB2-E774-416E-A010-5827C7A04B7A}.Debug|iPhone.Build.0 = Debug|Any CPU
		{6DA71DB2-E774-416E-A010-5827C7A04B7A}.Debug|iPhoneSimulator.ActiveCfg = Debug|Any CPU
		{6DA71DB2-E774-416E-A010-5827C7A04B7A}.Debug|iPhoneSimulator.Build.0 = Debug|Any CPU
		{6DA71DB2-E774-416E-A010-5827C7A04B7A}.Release|Any CPU.ActiveCfg = Release|Any CPU
		{6DA71DB2-E774-416E-A010-5827C7A04B7A}.Release|Any CPU.Build.0 = Release|Any CPU
		{6DA71DB2-E774-416E-A010-5827C7A04B7A}.Release|iPhone.ActiveCfg = Release|Any CPU
		{6DA71DB2-E774-416E-A010-5827C7A04B7A}.Release|iPhone.Build.0 = Release|Any CPU
		{6DA71DB2-E774-416E-A010-5827C7A04B7A}.Release|iPhoneSimulator.ActiveCfg = Release|Any CPU
		{6DA71DB2-E774-416E-A010-5827C7A04B7A}.Release|iPhoneSimulator.Build.0 = Release|Any CPU
	EndGlobalSection
	GlobalSection(SolutionProperties) = preSolution
		HideSolutionNode = FALSE
	EndGlobalSection
	GlobalSection(NestedProjects) = preSolution
		{902E95D3-29FA-4DDC-B73A-B5BD112DA465} = {151519DA-0FFD-4D35-856C-BB6D95C85D4F}
		{35743993-9FCE-41FA-9D1F-045C4CBF171D} = {151519DA-0FFD-4D35-856C-BB6D95C85D4F}
		{6DA71DB2-E774-416E-A010-5827C7A04B7A} = {151519DA-0FFD-4D35-856C-BB6D95C85D4F}
	EndGlobalSection
	GlobalSection(ExtensibilityGlobals) = postSolution
		SolutionGuid = {81F2D7A2-E3D9-4B22-AB00-B7D20A13CE8D}
	EndGlobalSection
EndGlobal
