
Microsoft Visual Studio Solution File, Format Version 12.00
# Visual Studio Version 16
VisualStudioVersion = 16.0.809.6
MinimumVisualStudioVersion = 10.0.40219.1
Project("{FAE04EC0-301F-11D3-BF4B-00C04F79EFBC}") = "banditoth.Forms.RecurrenceToolkit.Converters", "banditoth.Forms.RecurrenceToolkit.Converters\banditoth.Forms.RecurrenceToolkit.Converters.csproj", "{217FDC44-6129-4BFD-8023-48E498B3C53C}"
EndProject
Global
	GlobalSection(SolutionConfigurationPlatforms) = preSolution
		Debug|Any CPU = Debug|Any CPU
		Release|Any CPU = Release|Any CPU
	EndGlobalSection
	GlobalSection(ProjectConfigurationPlatforms) = postSolution
		{217FDC44-6129-4BFD-8023-48E498B3C53C}.Debug|Any CPU.ActiveCfg = Debug|Any CPU
		{217FDC44-6129-4BFD-8023-48E498B3C53C}.Debug|Any CPU.Build.0 = Debug|Any CPU
		{217FDC44-6129-4BFD-8023-48E498B3C53C}.Release|Any CPU.ActiveCfg = Release|Any CPU
		{217FDC44-6129-4BFD-8023-48E498B3C53C}.Release|Any CPU.Build.0 = Release|Any CPU
	EndGlobalSection
	GlobalSection(SolutionProperties) = preSolution
		HideSolutionNode = FALSE
	EndGlobalSection
	GlobalSection(ExtensibilityGlobals) = postSolution
		SolutionGuid = {437A9DF7-02A7-473D-BB1A-D3B1A0AE3984}
	EndGlobalSection
EndGlobal
